
Microsoft Visual Studio Solution File, Format Version 12.00
# Visual Studio 15
VisualStudioVersion = 15.0.28307.572
MinimumVisualStudioVersion = 10.0.40219.1
Project("{FAE04EC0-301F-11D3-BF4B-00C04F79EFBC}") = "OracleDependencyPrueba", "OracleDependencyPrueba\OracleDependencyPrueba.csproj", "{1B558F6F-C9F6-439D-808B-71E9829A5E14}"
EndProject
Global
	GlobalSection(SolutionConfigurationPlatforms) = preSolution
		Debug|Any CPU = Debug|Any CPU
		Release|Any CPU = Release|Any CPU
	EndGlobalSection
	GlobalSection(ProjectConfigurationPlatforms) = postSolution
		{1B558F6F-C9F6-439D-808B-71E9829A5E14}.Debug|Any CPU.ActiveCfg = Debug|Any CPU
		{1B558F6F-C9F6-439D-808B-71E9829A5E14}.Debug|Any CPU.Build.0 = Debug|Any CPU
		{1B558F6F-C9F6-439D-808B-71E9829A5E14}.Release|Any CPU.ActiveCfg = Release|Any CPU
		{1B558F6F-C9F6-439D-808B-71E9829A5E14}.Release|Any CPU.Build.0 = Release|Any CPU
	EndGlobalSection
	GlobalSection(SolutionProperties) = preSolution
		HideSolutionNode = FALSE
	EndGlobalSection
	GlobalSection(ExtensibilityGlobals) = postSolution
		SolutionGuid = {5A643174-A167-44B3-B7E5-3D38BD7B2236}
	EndGlobalSection
EndGlobal
